
Microsoft Visual Studio Solution File, Format Version 12.00
# Visual Studio Version 17
VisualStudioVersion = 17.5.33530.505
MinimumVisualStudioVersion = 10.0.40219.1
Project("{FAE04EC0-301F-11D3-BF4B-00C04F79EFBC}") = "vendas", "vendas.csproj", "{C4B663C6-A737-48D3-9CE3-E5606F1A3BE2}"
EndProject
Global
	GlobalSection(SolutionConfigurationPlatforms) = preSolution
		Debug|Any CPU = Debug|Any CPU
		Release|Any CPU = Release|Any CPU
	EndGlobalSection
	GlobalSection(ProjectConfigurationPlatforms) = postSolution
		{C4B663C6-A737-48D3-9CE3-E5606F1A3BE2}.Debug|Any CPU.ActiveCfg = Debug|Any CPU
		{C4B663C6-A737-48D3-9CE3-E5606F1A3BE2}.Debug|Any CPU.Build.0 = Debug|Any CPU
		{C4B663C6-A737-48D3-9CE3-E5606F1A3BE2}.Release|Any CPU.ActiveCfg = Release|Any CPU
		{C4B663C6-A737-48D3-9CE3-E5606F1A3BE2}.Release|Any CPU.Build.0 = Release|Any CPU
	EndGlobalSection
	GlobalSection(SolutionProperties) = preSolution
		HideSolutionNode = FALSE
	EndGlobalSection
	GlobalSection(ExtensibilityGlobals) = postSolution
		SolutionGuid = {57496820-2BA4-4094-B4AD-FD693C56F2ED}
	EndGlobalSection
EndGlobal
